// !$*UTF8*$!
{
	archiveVersion = 1;
	classes = {
	};
	objectVersion = 56;
	objects = {

/* Begin PBXBuildFile section */
		064B27022928269F00412E7E /* mitriApp.swift in Sources */ = {isa = PBXBuildFile; fileRef = 064B27012928269F00412E7E /* mitriApp.swift */; };
		064B27042928269F00412E7E /* ContentView.swift in Sources */ = {isa = PBXBuildFile; fileRef = 064B27032928269F00412E7E /* ContentView.swift */; };
		064B2706292826A100412E7E /* Assets.xcassets in Resources */ = {isa = PBXBuildFile; fileRef = 064B2705292826A100412E7E /* Assets.xcassets */; };
		064B2709292826A100412E7E /* Preview Assets.xcassets in Resources */ = {isa = PBXBuildFile; fileRef = 064B2708292826A100412E7E /* Preview Assets.xcassets */; };
		064B270B292826A100412E7E /* Persistence.swift in Sources */ = {isa = PBXBuildFile; fileRef = 064B270A292826A100412E7E /* Persistence.swift */; };
		064B270E292826A100412E7E /* mitri.xcdatamodeld in Sources */ = {isa = PBXBuildFile; fileRef = 064B270C292826A100412E7E /* mitri.xcdatamodeld */; };
		064B2718292826A100412E7E /* mitriTests.swift in Sources */ = {isa = PBXBuildFile; fileRef = 064B2717292826A100412E7E /* mitriTests.swift */; };
		064B2722292826A100412E7E /* mitriUITests.swift in Sources */ = {isa = PBXBuildFile; fileRef = 064B2721292826A100412E7E /* mitriUITests.swift */; };
		064B2724292826A100412E7E /* mitriUITestsLaunchTests.swift in Sources */ = {isa = PBXBuildFile; fileRef = 064B2723292826A100412E7E /* mitriUITestsLaunchTests.swift */; };
/* End PBXBuildFile section */

/* Begin PBXContainerItemProxy section */
		064B2714292826A100412E7E /* PBXContainerItemProxy */ = {
			isa = PBXContainerItemProxy;
			containerPortal = 064B26F62928269F00412E7E /* Project object */;
			proxyType = 1;
			remoteGlobalIDString = 064B26FD2928269F00412E7E;
			remoteInfo = mitri;
		};
		064B271E292826A100412E7E /* PBXContainerItemProxy */ = {
			isa = PBXContainerItemProxy;
			containerPortal = 064B26F62928269F00412E7E /* Project object */;
			proxyType = 1;
			remoteGlobalIDString = 064B26FD2928269F00412E7E;
			remoteInfo = mitri;
		};
/* End PBXContainerItemProxy section */

/* Begin PBXFileReference section */
		064B26FE2928269F00412E7E /* mitri.app */ = {isa = PBXFileReference; explicitFileType = wrapper.application; includeInIndex = 0; path = mitri.app; sourceTree = BUILT_PRODUCTS_DIR; };
		064B27012928269F00412E7E /* mitriApp.swift */ = {isa = PBXFileReference; lastKnownFileType = sourcecode.swift; path = mitriApp.swift; sourceTree = "<group>"; };
		064B27032928269F00412E7E /* ContentView.swift */ = {isa = PBXFileReference; lastKnownFileType = sourcecode.swift; path = ContentView.swift; sourceTree = "<group>"; };
		064B2705292826A100412E7E /* Assets.xcassets */ = {isa = PBXFileReference; lastKnownFileType = folder.assetcatalog; path = Assets.xcassets; sourceTree = "<group>"; };
		064B2708292826A100412E7E /* Preview Assets.xcassets */ = {isa = PBXFileReference; lastKnownFileType = folder.assetcatalog; path = "Preview Assets.xcassets"; sourceTree = "<group>"; };
		064B270A292826A100412E7E /* Persistence.swift */ = {isa = PBXFileReference; lastKnownFileType = sourcecode.swift; path = Persistence.swift; sourceTree = "<group>"; };
		064B270D292826A100412E7E /* mitri.xcdatamodel */ = {isa = PBXFileReference; lastKnownFileType = wrapper.xcdatamodel; path = mitri.xcdatamodel; sourceTree = "<group>"; };
		064B2713292826A100412E7E /* mitriTests.xctest */ = {isa = PBXFileReference; explicitFileType = wrapper.cfbundle; includeInIndex = 0; path = mitriTests.xctest; sourceTree = BUILT_PRODUCTS_DIR; };
		064B2717292826A100412E7E /* mitriTests.swift */ = {isa = PBXFileReference; lastKnownFileType = sourcecode.swift; path = mitriTests.swift; sourceTree = "<group>"; };
		064B271D292826A100412E7E /* mitriUITests.xctest */ = {isa = PBXFileReference; explicitFileType = wrapper.cfbundle; includeInIndex = 0; path = mitriUITests.xctest; sourceTree = BUILT_PRODUCTS_DIR; };
		064B2721292826A100412E7E /* mitriUITests.swift */ = {isa = PBXFileReference; lastKnownFileType = sourcecode.swift; path = mitriUITests.swift; sourceTree = "<group>"; };
		064B2723292826A100412E7E /* mitriUITestsLaunchTests.swift */ = {isa = PBXFileReference; lastKnownFileType = sourcecode.swift; path = mitriUITestsLaunchTests.swift; sourceTree = "<group>"; };
/* End PBXFileReference section */

/* Begin PBXFrameworksBuildPhase section */
		064B26FB2928269F00412E7E /* Frameworks */ = {
			isa = PBXFrameworksBuildPhase;
			buildActionMask = 2147483647;
			files = (
			);
			runOnlyForDeploymentPostprocessing = 0;
		};
		064B2710292826A100412E7E /* Frameworks */ = {
			isa = PBXFrameworksBuildPhase;
			buildActionMask = 2147483647;
			files = (
			);
			runOnlyForDeploymentPostprocessing = 0;
		};
		064B271A292826A100412E7E /* Frameworks */ = {
			isa = PBXFrameworksBuildPhase;
			buildActionMask = 2147483647;
			files = (
			);
			runOnlyForDeploymentPostprocessing = 0;
		};
/* End PBXFrameworksBuildPhase section */

/* Begin PBXGroup section */
		064B26F52928269F00412E7E = {
			isa = PBXGroup;
			children = (
				064B27002928269F00412E7E /* mitri */,
				064B2716292826A100412E7E /* mitriTests */,
				064B2720292826A100412E7E /* mitriUITests */,
				064B26FF2928269F00412E7E /* Products */,
			);
			sourceTree = "<group>";
		};
		064B26FF2928269F00412E7E /* Products */ = {
			isa = PBXGroup;
			children = (
				064B26FE2928269F00412E7E /* mitri.app */,
				064B2713292826A100412E7E /* mitriTests.xctest */,
				064B271D292826A100412E7E /* mitriUITests.xctest */,
			);
			name = Products;
			sourceTree = "<group>";
		};
		064B27002928269F00412E7E /* mitri */ = {
			isa = PBXGroup;
			children = (
				064B27012928269F00412E7E /* mitriApp.swift */,
				064B27032928269F00412E7E /* ContentView.swift */,
				064B2705292826A100412E7E /* Assets.xcassets */,
				064B270A292826A100412E7E /* Persistence.swift */,
				064B270C292826A100412E7E /* mitri.xcdatamodeld */,
				064B2707292826A100412E7E /* Preview Content */,
			);
			path = mitri;
			sourceTree = "<group>";
		};
		064B2707292826A100412E7E /* Preview Content */ = {
			isa = PBXGroup;
			children = (
				064B2708292826A100412E7E /* Preview Assets.xcassets */,
			);
			path = "Preview Content";
			sourceTree = "<group>";
		};
		064B2716292826A100412E7E /* mitriTests */ = {
			isa = PBXGroup;
			children = (
				064B2717292826A100412E7E /* mitriTests.swift */,
			);
			path = mitriTests;
			sourceTree = "<group>";
		};
		064B2720292826A100412E7E /* mitriUITests */ = {
			isa = PBXGroup;
			children = (
				064B2721292826A100412E7E /* mitriUITests.swift */,
				064B2723292826A100412E7E /* mitriUITestsLaunchTests.swift */,
			);
			path = mitriUITests;
			sourceTree = "<group>";
		};
/* End PBXGroup section */

/* Begin PBXNativeTarget section */
		064B26FD2928269F00412E7E /* mitri */ = {
			isa = PBXNativeTarget;
			buildConfigurationList = 064B2727292826A100412E7E /* Build configuration list for PBXNativeTarget "mitri" */;
			buildPhases = (
				064B26FA2928269F00412E7E /* Sources */,
				064B26FB2928269F00412E7E /* Frameworks */,
				064B26FC2928269F00412E7E /* Resources */,
			);
			buildRules = (
			);
			dependencies = (
			);
			name = mitri;
			productName = mitri;
			productReference = 064B26FE2928269F00412E7E /* mitri.app */;
			productType = "com.apple.product-type.application";
		};
		064B2712292826A100412E7E /* mitriTests */ = {
			isa = PBXNativeTarget;
			buildConfigurationList = 064B272A292826A100412E7E /* Build configuration list for PBXNativeTarget "mitriTests" */;
			buildPhases = (
				064B270F292826A100412E7E /* Sources */,
				064B2710292826A100412E7E /* Frameworks */,
				064B2711292826A100412E7E /* Resources */,
			);
			buildRules = (
			);
			dependencies = (
				064B2715292826A100412E7E /* PBXTargetDependency */,
			);
			name = mitriTests;
			productName = mitriTests;
			productReference = 064B2713292826A100412E7E /* mitriTests.xctest */;
			productType = "com.apple.product-type.bundle.unit-test";
		};
		064B271C292826A100412E7E /* mitriUITests */ = {
			isa = PBXNativeTarget;
			buildConfigurationList = 064B272D292826A100412E7E /* Build configuration list for PBXNativeTarget "mitriUITests" */;
			buildPhases = (
				064B2719292826A100412E7E /* Sources */,
				064B271A292826A100412E7E /* Frameworks */,
				064B271B292826A100412E7E /* Resources */,
			);
			buildRules = (
			);
			dependencies = (
				064B271F292826A100412E7E /* PBXTargetDependency */,
			);
			name = mitriUITests;
			productName = mitriUITests;
			productReference = 064B271D292826A100412E7E /* mitriUITests.xctest */;
			productType = "com.apple.product-type.bundle.ui-testing";
		};
/* End PBXNativeTarget section */

/* Begin PBXProject section */
		064B26F62928269F00412E7E /* Project object */ = {
			isa = PBXProject;
			attributes = {
				BuildIndependentTargetsInParallel = 1;
				LastSwiftUpdateCheck = 1400;
				LastUpgradeCheck = 1400;
				TargetAttributes = {
					064B26FD2928269F00412E7E = {
						CreatedOnToolsVersion = 14.0;
					};
					064B2712292826A100412E7E = {
						CreatedOnToolsVersion = 14.0;
						TestTargetID = 064B26FD2928269F00412E7E;
					};
					064B271C292826A100412E7E = {
						CreatedOnToolsVersion = 14.0;
						TestTargetID = 064B26FD2928269F00412E7E;
					};
				};
			};
			buildConfigurationList = 064B26F92928269F00412E7E /* Build configuration list for PBXProject "mitri" */;
			compatibilityVersion = "Xcode 14.0";
			developmentRegion = en;
			hasScannedForEncodings = 0;
			knownRegions = (
				en,
				Base,
			);
			mainGroup = 064B26F52928269F00412E7E;
			productRefGroup = 064B26FF2928269F00412E7E /* Products */;
			projectDirPath = "";
			projectRoot = "";
			targets = (
				064B26FD2928269F00412E7E /* mitri */,
				064B2712292826A100412E7E /* mitriTests */,
				064B271C292826A100412E7E /* mitriUITests */,
			);
		};
/* End PBXProject section */

/* Begin PBXResourcesBuildPhase section */
		064B26FC2928269F00412E7E /* Resources */ = {
			isa = PBXResourcesBuildPhase;
			buildActionMask = 2147483647;
			files = (
				064B2709292826A100412E7E /* Preview Assets.xcassets in Resources */,
				064B2706292826A100412E7E /* Assets.xcassets in Resources */,
			);
			runOnlyForDeploymentPostprocessing = 0;
		};
		064B2711292826A100412E7E /* Resources */ = {
			isa = PBXResourcesBuildPhase;
			buildActionMask = 2147483647;
			files = (
			);
			runOnlyForDeploymentPostprocessing = 0;
		};
		064B271B292826A100412E7E /* Resources */ = {
			isa = PBXResourcesBuildPhase;
			buildActionMask = 2147483647;
			files = (
			);
			runOnlyForDeploymentPostprocessing = 0;
		};
/* End PBXResourcesBuildPhase section */

/* Begin PBXSourcesBuildPhase section */
		064B26FA2928269F00412E7E /* Sources */ = {
			isa = PBXSourcesBuildPhase;
			buildActionMask = 2147483647;
			files = (
				064B270B292826A100412E7E /* Persistence.swift in Sources */,
				064B27042928269F00412E7E /* ContentView.swift in Sources */,
				064B27022928269F00412E7E /* mitriApp.swift in Sources */,
				064B270E292826A100412E7E /* mitri.xcdatamodeld in Sources */,
			);
			runOnlyForDeploymentPostprocessing = 0;
		};
		064B270F292826A100412E7E /* Sources */ = {
			isa = PBXSourcesBuildPhase;
			buildActionMask = 2147483647;
			files = (
				064B2718292826A100412E7E /* mitriTests.swift in Sources */,
			);
			runOnlyForDeploymentPostprocessing = 0;
		};
		064B2719292826A100412E7E /* Sources */ = {
			isa = PBXSourcesBuildPhase;
			buildActionMask = 2147483647;
			files = (
				064B2724292826A100412E7E /* mitriUITestsLaunchTests.swift in Sources */,
				064B2722292826A100412E7E /* mitriUITests.swift in Sources */,
			);
			runOnlyForDeploymentPostprocessing = 0;
		};
/* End PBXSourcesBuildPhase section */

/* Begin PBXTargetDependency section */
		064B2715292826A100412E7E /* PBXTargetDependency */ = {
			isa = PBXTargetDependency;
			target = 064B26FD2928269F00412E7E /* mitri */;
			targetProxy = 064B2714292826A100412E7E /* PBXContainerItemProxy */;
		};
		064B271F292826A100412E7E /* PBXTargetDependency */ = {
			isa = PBXTargetDependency;
			target = 064B26FD2928269F00412E7E /* mitri */;
			targetProxy = 064B271E292826A100412E7E /* PBXContainerItemProxy */;
		};
/* End PBXTargetDependency section */

/* Begin XCBuildConfiguration section */
		064B2725292826A100412E7E /* Debug */ = {
			isa = XCBuildConfiguration;
			buildSettings = {
				ALWAYS_SEARCH_USER_PATHS = NO;
				CLANG_ANALYZER_NONNULL = YES;
				CLANG_ANALYZER_NUMBER_OBJECT_CONVERSION = YES_AGGRESSIVE;
				CLANG_CXX_LANGUAGE_STANDARD = "gnu++20";
				CLANG_ENABLE_MODULES = YES;
				CLANG_ENABLE_OBJC_ARC = YES;
				CLANG_ENABLE_OBJC_WEAK = YES;
				CLANG_WARN_BLOCK_CAPTURE_AUTORELEASING = YES;
				CLANG_WARN_BOOL_CONVERSION = YES;
				CLANG_WARN_COMMA = YES;
				CLANG_WARN_CONSTANT_CONVERSION = YES;
				CLANG_WARN_DEPRECATED_OBJC_IMPLEMENTATIONS = YES;
				CLANG_WARN_DIRECT_OBJC_ISA_USAGE = YES_ERROR;
				CLANG_WARN_DOCUMENTATION_COMMENTS = YES;
				CLANG_WARN_EMPTY_BODY = YES;
				CLANG_WARN_ENUM_CONVERSION = YES;
				CLANG_WARN_INFINITE_RECURSION = YES;
				CLANG_WARN_INT_CONVERSION = YES;
				CLANG_WARN_NON_LITERAL_NULL_CONVERSION = YES;
				CLANG_WARN_OBJC_IMPLICIT_RETAIN_SELF = YES;
				CLANG_WARN_OBJC_LITERAL_CONVERSION = YES;
				CLANG_WARN_OBJC_ROOT_CLASS = YES_ERROR;
				CLANG_WARN_QUOTED_INCLUDE_IN_FRAMEWORK_HEADER = YES;
				CLANG_WARN_RANGE_LOOP_ANALYSIS = YES;
				CLANG_WARN_STRICT_PROTOTYPES = YES;
				CLANG_WARN_SUSPICIOUS_MOVE = YES;
				CLANG_WARN_UNGUARDED_AVAILABILITY = YES_AGGRESSIVE;
				CLANG_WARN_UNREACHABLE_CODE = YES;
				CLANG_WARN__DUPLICATE_METHOD_MATCH = YES;
				COPY_PHASE_STRIP = NO;
				DEBUG_INFORMATION_FORMAT = dwarf;
				ENABLE_STRICT_OBJC_MSGSEND = YES;
				ENABLE_TESTABILITY = YES;
				GCC_C_LANGUAGE_STANDARD = gnu11;
				GCC_DYNAMIC_NO_PIC = NO;
				GCC_NO_COMMON_BLOCKS = YES;
				GCC_OPTIMIZATION_LEVEL = 0;
				GCC_PREPROCESSOR_DEFINITIONS = (
					"DEBUG=1",
					"$(inherited)",
				);
				GCC_WARN_64_TO_32_BIT_CONVERSION = YES;
				GCC_WARN_ABOUT_RETURN_TYPE = YES_ERROR;
				GCC_WARN_UNDECLARED_SELECTOR = YES;
				GCC_WARN_UNINITIALIZED_AUTOS = YES_AGGRESSIVE;
				GCC_WARN_UNUSED_FUNCTION = YES;
				GCC_WARN_UNUSED_VARIABLE = YES;
				IPHONEOS_DEPLOYMENT_TARGET = 16.0;
				MTL_ENABLE_DEBUG_INFO = INCLUDE_SOURCE;
				MTL_FAST_MATH = YES;
				ONLY_ACTIVE_ARCH = YES;
				SDKROOT = iphoneos;
				SWIFT_ACTIVE_COMPILATION_CONDITIONS = DEBUG;
				SWIFT_OPTIMIZATION_LEVEL = "-Onone";
			};
			name = Debug;
		};
		064B2726292826A100412E7E /* Release */ = {
			isa = XCBuildConfiguration;
			buildSettings = {
				ALWAYS_SEARCH_USER_PATHS = NO;
				CLANG_ANALYZER_NONNULL = YES;
				CLANG_ANALYZER_NUMBER_OBJECT_CONVERSION = YES_AGGRESSIVE;
				CLANG_CXX_LANGUAGE_STANDARD = "gnu++20";
				CLANG_ENABLE_MODULES = YES;
				CLANG_ENABLE_OBJC_ARC = YES;
				CLANG_ENABLE_OBJC_WEAK = YES;
				CLANG_WARN_BLOCK_CAPTURE_AUTORELEASING = YES;
				CLANG_WARN_BOOL_CONVERSION = YES;
				CLANG_WARN_COMMA = YES;
				CLANG_WARN_CONSTANT_CONVERSION = YES;
				CLANG_WARN_DEPRECATED_OBJC_IMPLEMENTATIONS = YES;
				CLANG_WARN_DIRECT_OBJC_ISA_USAGE = YES_ERROR;
				CLANG_WARN_DOCUMENTATION_COMMENTS = YES;
				CLANG_WARN_EMPTY_BODY = YES;
				CLANG_WARN_ENUM_CONVERSION = YES;
				CLANG_WARN_INFINITE_RECURSION = YES;
				CLANG_WARN_INT_CONVERSION = YES;
				CLANG_WARN_NON_LITERAL_NULL_CONVERSION = YES;
				CLANG_WARN_OBJC_IMPLICIT_RETAIN_SELF = YES;
				CLANG_WARN_OBJC_LITERAL_CONVERSION = YES;
				CLANG_WARN_OBJC_ROOT_CLASS = YES_ERROR;
				CLANG_WARN_QUOTED_INCLUDE_IN_FRAMEWORK_HEADER = YES;
				CLANG_WARN_RANGE_LOOP_ANALYSIS = YES;
				CLANG_WARN_STRICT_PROTOTYPES = YES;
				CLANG_WARN_SUSPICIOUS_MOVE = YES;
				CLANG_WARN_UNGUARDED_AVAILABILITY = YES_AGGRESSIVE;
				CLANG_WARN_UNREACHABLE_CODE = YES;
				CLANG_WARN__DUPLICATE_METHOD_MATCH = YES;
				COPY_PHASE_STRIP = NO;
				DEBUG_INFORMATION_FORMAT = "dwarf-with-dsym";
				ENABLE_NS_ASSERTIONS = NO;
				ENABLE_STRICT_OBJC_MSGSEND = YES;
				GCC_C_LANGUAGE_STANDARD = gnu11;
				GCC_NO_COMMON_BLOCKS = YES;
				GCC_WARN_64_TO_32_BIT_CONVERSION = YES;
				GCC_WARN_ABOUT_RETURN_TYPE = YES_ERROR;
				GCC_WARN_UNDECLARED_SELECTOR = YES;
				GCC_WARN_UNINITIALIZED_AUTOS = YES_AGGRESSIVE;
				GCC_WARN_UNUSED_FUNCTION = YES;
				GCC_WARN_UNUSED_VARIABLE = YES;
				IPHONEOS_DEPLOYMENT_TARGET = 16.0;
				MTL_ENABLE_DEBUG_INFO = NO;
				MTL_FAST_MATH = YES;
				SDKROOT = iphoneos;
				SWIFT_COMPILATION_MODE = wholemodule;
				SWIFT_OPTIMIZATION_LEVEL = "-O";
				VALIDATE_PRODUCT = YES;
			};
			name = Release;
		};
		064B2728292826A100412E7E /* Debug */ = {
			isa = XCBuildConfiguration;
			buildSettings = {
				ASSETCATALOG_COMPILER_APPICON_NAME = AppIcon;
				ASSETCATALOG_COMPILER_GLOBAL_ACCENT_COLOR_NAME = AccentColor;
				CODE_SIGN_STYLE = Automatic;
				CURRENT_PROJECT_VERSION = 1;
				DEVELOPMENT_ASSET_PATHS = "\"mitri/Preview Content\"";
				DEVELOPMENT_TEAM = R6D224XH2M;
				ENABLE_PREVIEWS = YES;
				GENERATE_INFOPLIST_FILE = YES;
				INFOPLIST_KEY_UIApplicationSceneManifest_Generation = YES;
				INFOPLIST_KEY_UIApplicationSupportsIndirectInputEvents = YES;
				INFOPLIST_KEY_UILaunchScreen_Generation = YES;
				INFOPLIST_KEY_UISupportedInterfaceOrientations_iPad = "UIInterfaceOrientationPortrait UIInterfaceOrientationPortraitUpsideDown UIInterfaceOrientationLandscapeLeft UIInterfaceOrientationLandscapeRight";
				INFOPLIST_KEY_UISupportedInterfaceOrientations_iPhone = "UIInterfaceOrientationPortrait UIInterfaceOrientationLandscapeLeft UIInterfaceOrientationLandscapeRight";
				LD_RUNPATH_SEARCH_PATHS = (
					"$(inherited)",
					"@executable_path/Frameworks",
				);
				MARKETING_VERSION = 1.0;
				PRODUCT_BUNDLE_IDENTIFIER = com.tofunmi.mitri;
				PRODUCT_NAME = "$(TARGET_NAME)";
				SWIFT_EMIT_LOC_STRINGS = YES;
				SWIFT_VERSION = 5.0;
				TARGETED_DEVICE_FAMILY = "1,2";
			};
			name = Debug;
		};
		064B2729292826A100412E7E /* Release */ = {
			isa = XCBuildConfiguration;
			buildSettings = {
				ASSETCATALOG_COMPILER_APPICON_NAME = AppIcon;
				ASSETCATALOG_COMPILER_GLOBAL_ACCENT_COLOR_NAME = AccentColor;
				CODE_SIGN_STYLE = Automatic;
				CURRENT_PROJECT_VERSION = 1;
				DEVELOPMENT_ASSET_PATHS = "\"mitri/Preview Content\"";
				DEVELOPMENT_TEAM = R6D224XH2M;
				ENABLE_PREVIEWS = YES;
				GENERATE_INFOPLIST_FILE = YES;
				INFOPLIST_KEY_UIApplicationSceneManifest_Generation = YES;
				INFOPLIST_KEY_UIApplicationSupportsIndirectInputEvents = YES;
				INFOPLIST_KEY_UILaunchScreen_Generation = YES;
				INFOPLIST_KEY_UISupportedInterfaceOrientations_iPad = "UIInterfaceOrientationPortrait UIInterfaceOrientationPortraitUpsideDown UIInterfaceOrientationLandscapeLeft UIInterfaceOrientationLandscapeRight";
				INFOPLIST_KEY_UISupportedInterfaceOrientations_iPhone = "UIInterfaceOrientationPortrait UIInterfaceOrientationLandscapeLeft UIInterfaceOrientationLandscapeRight";
				LD_RUNPATH_SEARCH_PATHS = (
					"$(inherited)",
					"@executable_path/Frameworks",
				);
				MARKETING_VERSION = 1.0;
				PRODUCT_BUNDLE_IDENTIFIER = com.tofunmi.mitri;
				PRODUCT_NAME = "$(TARGET_NAME)";
				SWIFT_EMIT_LOC_STRINGS = YES;
				SWIFT_VERSION = 5.0;
				TARGETED_DEVICE_FAMILY = "1,2";
			};
			name = Release;
		};
		064B272B292826A100412E7E /* Debug */ = {
			isa = XCBuildConfiguration;
			buildSettings = {
				ALWAYS_EMBED_SWIFT_STANDARD_LIBRARIES = YES;
				BUNDLE_LOADER = "$(TEST_HOST)";
				CODE_SIGN_STYLE = Automatic;
				CURRENT_PROJECT_VERSION = 1;
				DEVELOPMENT_TEAM = R6D224XH2M;
				GENERATE_INFOPLIST_FILE = YES;
				IPHONEOS_DEPLOYMENT_TARGET = 16.0;
				MARKETING_VERSION = 1.0;
				PRODUCT_BUNDLE_IDENTIFIER = com.tofunmi.mitriTests;
				PRODUCT_NAME = "$(TARGET_NAME)";
				SWIFT_EMIT_LOC_STRINGS = NO;
				SWIFT_VERSION = 5.0;
				TARGETED_DEVICE_FAMILY = "1,2";
				TEST_HOST = "$(BUILT_PRODUCTS_DIR)/mitri.app/$(BUNDLE_EXECUTABLE_FOLDER_PATH)/mitri";
			};
			name = Debug;
		};
		064B272C292826A100412E7E /* Release */ = {
			isa = XCBuildConfiguration;
			buildSettings = {
				ALWAYS_EMBED_SWIFT_STANDARD_LIBRARIES = YES;
				BUNDLE_LOADER = "$(TEST_HOST)";
				CODE_SIGN_STYLE = Automatic;
				CURRENT_PROJECT_VERSION = 1;
				DEVELOPMENT_TEAM = R6D224XH2M;
				GENERATE_INFOPLIST_FILE = YES;
				IPHONEOS_DEPLOYMENT_TARGET = 16.0;
				MARKETING_VERSION = 1.0;
				PRODUCT_BUNDLE_IDENTIFIER = com.tofunmi.mitriTests;
				PRODUCT_NAME = "$(TARGET_NAME)";
				SWIFT_EMIT_LOC_STRINGS = NO;
				SWIFT_VERSION = 5.0;
				TARGETED_DEVICE_FAMILY = "1,2";
				TEST_HOST = "$(BUILT_PRODUCTS_DIR)/mitri.app/$(BUNDLE_EXECUTABLE_FOLDER_PATH)/mitri";
			};
			name = Release;
		};
		064B272E292826A100412E7E /* Debug */ = {
			isa = XCBuildConfiguration;
			buildSettings = {
				ALWAYS_EMBED_SWIFT_STANDARD_LIBRARIES = YES;
				CODE_SIGN_STYLE = Automatic;
				CURRENT_PROJECT_VERSION = 1;
				DEVELOPMENT_TEAM = R6D224XH2M;
				GENERATE_INFOPLIST_FILE = YES;
				MARKETING_VERSION = 1.0;
				PRODUCT_BUNDLE_IDENTIFIER = com.tofunmi.mitriUITests;
				PRODUCT_NAME = "$(TARGET_NAME)";
				SWIFT_EMIT_LOC_STRINGS = NO;
				SWIFT_VERSION = 5.0;
				TARGETED_DEVICE_FAMILY = "1,2";
				TEST_TARGET_NAME = mitri;
			};
			name = Debug;
		};
		064B272F292826A100412E7E /* Release */ = {
			isa = XCBuildConfiguration;
			buildSettings = {
				ALWAYS_EMBED_SWIFT_STANDARD_LIBRARIES = YES;
				CODE_SIGN_STYLE = Automatic;
				CURRENT_PROJECT_VERSION = 1;
				DEVELOPMENT_TEAM = R6D224XH2M;
				GENERATE_INFOPLIST_FILE = YES;
				MARKETING_VERSION = 1.0;
				PRODUCT_BUNDLE_IDENTIFIER = com.tofunmi.mitriUITests;
				PRODUCT_NAME = "$(TARGET_NAME)";
				SWIFT_EMIT_LOC_STRINGS = NO;
				SWIFT_VERSION = 5.0;
				TARGETED_DEVICE_FAMILY = "1,2";
				TEST_TARGET_NAME = mitri;
			};
			name = Release;
		};
/* End XCBuildConfiguration section */

/* Begin XCConfigurationList section */
		064B26F92928269F00412E7E /* Build configuration list for PBXProject "mitri" */ = {
			isa = XCConfigurationList;
			buildConfigurations = (
				064B2725292826A100412E7E /* Debug */,
				064B2726292826A100412E7E /* Release */,
			);
			defaultConfigurationIsVisible = 0;
			defaultConfigurationName = Release;
		};
		064B2727292826A100412E7E /* Build configuration list for PBXNativeTarget "mitri" */ = {
			isa = XCConfigurationList;
			buildConfigurations = (
				064B2728292826A100412E7E /* Debug */,
				064B2729292826A100412E7E /* Release */,
			);
			defaultConfigurationIsVisible = 0;
			defaultConfigurationName = Release;
		};
		064B272A292826A100412E7E /* Build configuration list for PBXNativeTarget "mitriTests" */ = {
			isa = XCConfigurationList;
			buildConfigurations = (
				064B272B292826A100412E7E /* Debug */,
				064B272C292826A100412E7E /* Release */,
			);
			defaultConfigurationIsVisible = 0;
			defaultConfigurationName = Release;
		};
		064B272D292826A100412E7E /* Build configuration list for PBXNativeTarget "mitriUITests" */ = {
			isa = XCConfigurationList;
			buildConfigurations = (
				064B272E292826A100412E7E /* Debug */,
				064B272F292826A100412E7E /* Release */,
			);
			defaultConfigurationIsVisible = 0;
			defaultConfigurationName = Release;
		};
/* End XCConfigurationList section */

/* Begin XCVersionGroup section */
		064B270C292826A100412E7E /* mitri.xcdatamodeld */ = {
			isa = XCVersionGroup;
			children = (
				064B270D292826A100412E7E /* mitri.xcdatamodel */,
			);
			currentVersion = 064B270D292826A100412E7E /* mitri.xcdatamodel */;
			path = mitri.xcdatamodeld;
			sourceTree = "<group>";
			versionGroupType = wrapper.xcdatamodel;
		};
/* End XCVersionGroup section */
	};
	rootObject = 064B26F62928269F00412E7E /* Project object */;
}
